// !$*UTF8*$!
{
	archiveVersion = 1;
	classes = {
	};
	objectVersion = 56;
	objects = {

/* Begin PBXBuildFile section */
		E4E145AB2D2923480092EFD5 /* AppDelegate.swift in Sources */ = {isa = PBXBuildFile; fileRef = E4E145AA2D2923480092EFD5 /* AppDelegate.swift */; };
		E4E145AD2D2923480092EFD5 /* GameScene.sks in Resources */ = {isa = PBXBuildFile; fileRef = E4E145AC2D2923480092EFD5 /* GameScene.sks */; };
		E4E145AF2D2923480092EFD5 /* Actions.sks in Resources */ = {isa = PBXBuildFile; fileRef = E4E145AE2D2923480092EFD5 /* Actions.sks */; };
		E4E145B12D2923480092EFD5 /* GameScene.swift in Sources */ = {isa = PBXBuildFile; fileRef = E4E145B02D2923480092EFD5 /* GameScene.swift */; };
		E4E145B32D2923480092EFD5 /* GameViewController.swift in Sources */ = {isa = PBXBuildFile; fileRef = E4E145B22D2923480092EFD5 /* GameViewController.swift */; };
		E4E145B62D2923480092EFD5 /* Base in Resources */ = {isa = PBXBuildFile; fileRef = E4E145B52D2923480092EFD5 /* Base */; };
		E4E145B82D2923490092EFD5 /* Assets.xcassets in Resources */ = {isa = PBXBuildFile; fileRef = E4E145B72D2923490092EFD5 /* Assets.xcassets */; };
		E4E145BB2D2923490092EFD5 /* Base in Resources */ = {isa = PBXBuildFile; fileRef = E4E145BA2D2923490092EFD5 /* Base */; };
		E4E145C52D2923490092EFD5 /* game_sampleTests.swift in Sources */ = {isa = PBXBuildFile; fileRef = E4E145C42D2923490092EFD5 /* game_sampleTests.swift */; };
		E4E145CF2D2923490092EFD5 /* game_sampleUITests.swift in Sources */ = {isa = PBXBuildFile; fileRef = E4E145CE2D2923490092EFD5 /* game_sampleUITests.swift */; };
		E4E145D12D2923490092EFD5 /* game_sampleUITestsLaunchTests.swift in Sources */ = {isa = PBXBuildFile; fileRef = E4E145D02D2923490092EFD5 /* game_sampleUITestsLaunchTests.swift */; };
		E4E145DF2D29262C0092EFD5 /* SpriteKit.framework in Frameworks */ = {isa = PBXBuildFile; fileRef = E4E145DE2D29262C0092EFD5 /* SpriteKit.framework */; };
		E4FC3EEB2D2A67510092B0B8 /* PlayerNode.swift in Sources */ = {isa = PBXBuildFile; fileRef = E4FC3EEA2D2A67510092B0B8 /* PlayerNode.swift */; };
		E4FC3EEE2D2A6CB80092B0B8 /* MoveButton.swift in Sources */ = {isa = PBXBuildFile; fileRef = E4FC3EED2D2A6CB80092B0B8 /* MoveButton.swift */; };
		E4FC3EF12D2A72F40092B0B8 /* BasicField.swift in Sources */ = {isa = PBXBuildFile; fileRef = E4FC3EF02D2A72F40092B0B8 /* BasicField.swift */; };
		E4FC3EF32D2A76AB0092B0B8 /* JumpButton.swift in Sources */ = {isa = PBXBuildFile; fileRef = E4FC3EF22D2A76AB0092B0B8 /* JumpButton.swift */; };
		E4FC3EF52D2A843D0092B0B8 /* BackStepButton.swift in Sources */ = {isa = PBXBuildFile; fileRef = E4FC3EF42D2A843D0092B0B8 /* BackStepButton.swift */; };
/* End PBXBuildFile section */

/* Begin PBXContainerItemProxy section */
		E4E145C12D2923490092EFD5 /* PBXContainerItemProxy */ = {
			isa = PBXContainerItemProxy;
			containerPortal = E4E1459F2D2923470092EFD5 /* Project object */;
			proxyType = 1;
			remoteGlobalIDString = E4E145A62D2923480092EFD5;
			remoteInfo = "game-sample";
		};
		E4E145CB2D2923490092EFD5 /* PBXContainerItemProxy */ = {
			isa = PBXContainerItemProxy;
			containerPortal = E4E1459F2D2923470092EFD5 /* Project object */;
			proxyType = 1;
			remoteGlobalIDString = E4E145A62D2923480092EFD5;
			remoteInfo = "game-sample";
		};
/* End PBXContainerItemProxy section */

/* Begin PBXFileReference section */
		E4E145A72D2923480092EFD5 /* game-sample.app */ = {isa = PBXFileReference; explicitFileType = wrapper.application; includeInIndex = 0; path = "game-sample.app"; sourceTree = BUILT_PRODUCTS_DIR; };
		E4E145AA2D2923480092EFD5 /* AppDelegate.swift */ = {isa = PBXFileReference; lastKnownFileType = sourcecode.swift; path = AppDelegate.swift; sourceTree = "<group>"; };
		E4E145AC2D2923480092EFD5 /* GameScene.sks */ = {isa = PBXFileReference; lastKnownFileType = file.sks; path = GameScene.sks; sourceTree = "<group>"; };
		E4E145AE2D2923480092EFD5 /* Actions.sks */ = {isa = PBXFileReference; lastKnownFileType = file.sks; path = Actions.sks; sourceTree = "<group>"; };
		E4E145B02D2923480092EFD5 /* GameScene.swift */ = {isa = PBXFileReference; lastKnownFileType = sourcecode.swift; path = GameScene.swift; sourceTree = "<group>"; };
		E4E145B22D2923480092EFD5 /* GameViewController.swift */ = {isa = PBXFileReference; lastKnownFileType = sourcecode.swift; path = GameViewController.swift; sourceTree = "<group>"; };
		E4E145B52D2923480092EFD5 /* Base */ = {isa = PBXFileReference; lastKnownFileType = file.storyboard; name = Base; path = Base.lproj/Main.storyboard; sourceTree = "<group>"; };
		E4E145B72D2923490092EFD5 /* Assets.xcassets */ = {isa = PBXFileReference; lastKnownFileType = folder.assetcatalog; path = Assets.xcassets; sourceTree = "<group>"; };
		E4E145BA2D2923490092EFD5 /* Base */ = {isa = PBXFileReference; lastKnownFileType = file.storyboard; name = Base; path = Base.lproj/LaunchScreen.storyboard; sourceTree = "<group>"; };
		E4E145C02D2923490092EFD5 /* game-sampleTests.xctest */ = {isa = PBXFileReference; explicitFileType = wrapper.cfbundle; includeInIndex = 0; path = "game-sampleTests.xctest"; sourceTree = BUILT_PRODUCTS_DIR; };
		E4E145C42D2923490092EFD5 /* game_sampleTests.swift */ = {isa = PBXFileReference; lastKnownFileType = sourcecode.swift; path = game_sampleTests.swift; sourceTree = "<group>"; };
		E4E145CA2D2923490092EFD5 /* game-sampleUITests.xctest */ = {isa = PBXFileReference; explicitFileType = wrapper.cfbundle; includeInIndex = 0; path = "game-sampleUITests.xctest"; sourceTree = BUILT_PRODUCTS_DIR; };
		E4E145CE2D2923490092EFD5 /* game_sampleUITests.swift */ = {isa = PBXFileReference; lastKnownFileType = sourcecode.swift; path = game_sampleUITests.swift; sourceTree = "<group>"; };
		E4E145D02D2923490092EFD5 /* game_sampleUITestsLaunchTests.swift */ = {isa = PBXFileReference; lastKnownFileType = sourcecode.swift; path = game_sampleUITestsLaunchTests.swift; sourceTree = "<group>"; };
		E4E145DE2D29262C0092EFD5 /* SpriteKit.framework */ = {isa = PBXFileReference; lastKnownFileType = wrapper.framework; name = SpriteKit.framework; path = System/Library/Frameworks/SpriteKit.framework; sourceTree = SDKROOT; };
		E4FC3EEA2D2A67510092B0B8 /* PlayerNode.swift */ = {isa = PBXFileReference; lastKnownFileType = sourcecode.swift; path = PlayerNode.swift; sourceTree = "<group>"; };
		E4FC3EED2D2A6CB80092B0B8 /* MoveButton.swift */ = {isa = PBXFileReference; lastKnownFileType = sourcecode.swift; path = MoveButton.swift; sourceTree = "<group>"; };
		E4FC3EF02D2A72F40092B0B8 /* BasicField.swift */ = {isa = PBXFileReference; lastKnownFileType = sourcecode.swift; path = BasicField.swift; sourceTree = "<group>"; };
		E4FC3EF22D2A76AB0092B0B8 /* JumpButton.swift */ = {isa = PBXFileReference; lastKnownFileType = sourcecode.swift; path = JumpButton.swift; sourceTree = "<group>"; };
		E4FC3EF42D2A843D0092B0B8 /* BackStepButton.swift */ = {isa = PBXFileReference; lastKnownFileType = sourcecode.swift; path = BackStepButton.swift; sourceTree = "<group>"; };
/* End PBXFileReference section */

/* Begin PBXFrameworksBuildPhase section */
		E4E145A42D2923480092EFD5 /* Frameworks */ = {
			isa = PBXFrameworksBuildPhase;
			buildActionMask = 2147483647;
			files = (
				E4E145DF2D29262C0092EFD5 /* SpriteKit.framework in Frameworks */,
			);
			runOnlyForDeploymentPostprocessing = 0;
		};
		E4E145BD2D2923490092EFD5 /* Frameworks */ = {
			isa = PBXFrameworksBuildPhase;
			buildActionMask = 2147483647;
			files = (
			);
			runOnlyForDeploymentPostprocessing = 0;
		};
		E4E145C72D2923490092EFD5 /* Frameworks */ = {
			isa = PBXFrameworksBuildPhase;
			buildActionMask = 2147483647;
			files = (
			);
			runOnlyForDeploymentPostprocessing = 0;
		};
/* End PBXFrameworksBuildPhase section */

/* Begin PBXGroup section */
		E489EB6E2D2A998E00D07049 /* Characters */ = {
			isa = PBXGroup;
			children = (
				E4FC3EEA2D2A67510092B0B8 /* PlayerNode.swift */,
			);
			name = Characters;
			sourceTree = "<group>";
		};
		E4E1459E2D2923470092EFD5 = {
			isa = PBXGroup;
			children = (
				E4E145A92D2923480092EFD5 /* game-sample */,
				E4E145C32D2923490092EFD5 /* game-sampleTests */,
				E4E145CD2D2923490092EFD5 /* game-sampleUITests */,
				E4E145A82D2923480092EFD5 /* Products */,
				E4E145DD2D29262C0092EFD5 /* Frameworks */,
			);
			sourceTree = "<group>";
		};
		E4E145A82D2923480092EFD5 /* Products */ = {
			isa = PBXGroup;
			children = (
				E4E145A72D2923480092EFD5 /* game-sample.app */,
				E4E145C02D2923490092EFD5 /* game-sampleTests.xctest */,
				E4E145CA2D2923490092EFD5 /* game-sampleUITests.xctest */,
			);
			name = Products;
			sourceTree = "<group>";
		};
		E4E145A92D2923480092EFD5 /* game-sample */ = {
			isa = PBXGroup;
			children = (
				E4FC3EE92D2A673B0092B0B8 /* Components */,
				E4E145AA2D2923480092EFD5 /* AppDelegate.swift */,
				E4E145AC2D2923480092EFD5 /* GameScene.sks */,
				E4E145AE2D2923480092EFD5 /* Actions.sks */,
				E4E145B02D2923480092EFD5 /* GameScene.swift */,
				E4E145B22D2923480092EFD5 /* GameViewController.swift */,
				E4E145B42D2923480092EFD5 /* Main.storyboard */,
				E4E145B72D2923490092EFD5 /* Assets.xcassets */,
				E4E145B92D2923490092EFD5 /* LaunchScreen.storyboard */,
			);
			path = "game-sample";
			sourceTree = "<group>";
		};
		E4E145C32D2923490092EFD5 /* game-sampleTests */ = {
			isa = PBXGroup;
			children = (
				E4E145C42D2923490092EFD5 /* game_sampleTests.swift */,
			);
			path = "game-sampleTests";
			sourceTree = "<group>";
		};
		E4E145CD2D2923490092EFD5 /* game-sampleUITests */ = {
			isa = PBXGroup;
			children = (
				E4E145CE2D2923490092EFD5 /* game_sampleUITests.swift */,
				E4E145D02D2923490092EFD5 /* game_sampleUITestsLaunchTests.swift */,
			);
			path = "game-sampleUITests";
			sourceTree = "<group>";
		};
		E4E145DD2D29262C0092EFD5 /* Frameworks */ = {
			isa = PBXGroup;
			children = (
				E4E145DE2D29262C0092EFD5 /* SpriteKit.framework */,
			);
			name = Frameworks;
			sourceTree = "<group>";
		};
		E4FC3EE92D2A673B0092B0B8 /* Components */ = {
			isa = PBXGroup;
			children = (
				E489EB6E2D2A998E00D07049 /* Characters */,
				E4FC3EEF2D2A72BA0092B0B8 /* Fields */,
				E4FC3EEC2D2A6CA10092B0B8 /* Buttons */,
			);
			name = Components;
			sourceTree = "<group>";
		};
		E4FC3EEC2D2A6CA10092B0B8 /* Buttons */ = {
			isa = PBXGroup;
			children = (
				E4FC3EED2D2A6CB80092B0B8 /* MoveButton.swift */,
				E4FC3EF22D2A76AB0092B0B8 /* JumpButton.swift */,
				E4FC3EF42D2A843D0092B0B8 /* BackStepButton.swift */,
			);
			path = Buttons;
			sourceTree = "<group>";
		};
		E4FC3EEF2D2A72BA0092B0B8 /* Fields */ = {
			isa = PBXGroup;
			children = (
				E4FC3EF02D2A72F40092B0B8 /* BasicField.swift */,
			);
			name = Fields;
			sourceTree = "<group>";
		};
/* End PBXGroup section */

/* Begin PBXNativeTarget section */
		E4E145A62D2923480092EFD5 /* game-sample */ = {
			isa = PBXNativeTarget;
			buildConfigurationList = E4E145D42D2923490092EFD5 /* Build configuration list for PBXNativeTarget "game-sample" */;
			buildPhases = (
				E4E145A32D2923480092EFD5 /* Sources */,
				E4E145A42D2923480092EFD5 /* Frameworks */,
				E4E145A52D2923480092EFD5 /* Resources */,
			);
			buildRules = (
			);
			dependencies = (
			);
			name = "game-sample";
			productName = "game-sample";
			productReference = E4E145A72D2923480092EFD5 /* game-sample.app */;
			productType = "com.apple.product-type.application";
		};
		E4E145BF2D2923490092EFD5 /* game-sampleTests */ = {
			isa = PBXNativeTarget;
			buildConfigurationList = E4E145D72D2923490092EFD5 /* Build configuration list for PBXNativeTarget "game-sampleTests" */;
			buildPhases = (
				E4E145BC2D2923490092EFD5 /* Sources */,
				E4E145BD2D2923490092EFD5 /* Frameworks */,
				E4E145BE2D2923490092EFD5 /* Resources */,
			);
			buildRules = (
			);
			dependencies = (
				E4E145C22D2923490092EFD5 /* PBXTargetDependency */,
			);
			name = "game-sampleTests";
			productName = "game-sampleTests";
			productReference = E4E145C02D2923490092EFD5 /* game-sampleTests.xctest */;
			productType = "com.apple.product-type.bundle.unit-test";
		};
		E4E145C92D2923490092EFD5 /* game-sampleUITests */ = {
			isa = PBXNativeTarget;
			buildConfigurationList = E4E145DA2D2923490092EFD5 /* Build configuration list for PBXNativeTarget "game-sampleUITests" */;
			buildPhases = (
				E4E145C62D2923490092EFD5 /* Sources */,
				E4E145C72D2923490092EFD5 /* Frameworks */,
				E4E145C82D2923490092EFD5 /* Resources */,
			);
			buildRules = (
			);
			dependencies = (
				E4E145CC2D2923490092EFD5 /* PBXTargetDependency */,
			);
			name = "game-sampleUITests";
			productName = "game-sampleUITests";
			productReference = E4E145CA2D2923490092EFD5 /* game-sampleUITests.xctest */;
			productType = "com.apple.product-type.bundle.ui-testing";
		};
/* End PBXNativeTarget section */

/* Begin PBXProject section */
		E4E1459F2D2923470092EFD5 /* Project object */ = {
			isa = PBXProject;
			attributes = {
				BuildIndependentTargetsInParallel = 1;
				LastSwiftUpdateCheck = 1540;
				LastUpgradeCheck = 1540;
				TargetAttributes = {
					E4E145A62D2923480092EFD5 = {
						CreatedOnToolsVersion = 15.4;
					};
					E4E145BF2D2923490092EFD5 = {
						CreatedOnToolsVersion = 15.4;
						TestTargetID = E4E145A62D2923480092EFD5;
					};
					E4E145C92D2923490092EFD5 = {
						CreatedOnToolsVersion = 15.4;
						TestTargetID = E4E145A62D2923480092EFD5;
					};
				};
			};
			buildConfigurationList = E4E145A22D2923470092EFD5 /* Build configuration list for PBXProject "game-sample" */;
			compatibilityVersion = "Xcode 14.0";
			developmentRegion = en;
			hasScannedForEncodings = 0;
			knownRegions = (
				en,
				Base,
			);
			mainGroup = E4E1459E2D2923470092EFD5;
			productRefGroup = E4E145A82D2923480092EFD5 /* Products */;
			projectDirPath = "";
			projectRoot = "";
			targets = (
				E4E145A62D2923480092EFD5 /* game-sample */,
				E4E145BF2D2923490092EFD5 /* game-sampleTests */,
				E4E145C92D2923490092EFD5 /* game-sampleUITests */,
			);
		};
/* End PBXProject section */

/* Begin PBXResourcesBuildPhase section */
		E4E145A52D2923480092EFD5 /* Resources */ = {
			isa = PBXResourcesBuildPhase;
			buildActionMask = 2147483647;
			files = (
				E4E145AD2D2923480092EFD5 /* GameScene.sks in Resources */,
				E4E145B62D2923480092EFD5 /* Base in Resources */,
				E4E145B82D2923490092EFD5 /* Assets.xcassets in Resources */,
				E4E145AF2D2923480092EFD5 /* Actions.sks in Resources */,
				E4E145BB2D2923490092EFD5 /* Base in Resources */,
			);
			runOnlyForDeploymentPostprocessing = 0;
		};
		E4E145BE2D2923490092EFD5 /* Resources */ = {
			isa = PBXResourcesBuildPhase;
			buildActionMask = 2147483647;
			files = (
			);
			runOnlyForDeploymentPostprocessing = 0;
		};
		E4E145C82D2923490092EFD5 /* Resources */ = {
			isa = PBXResourcesBuildPhase;
			buildActionMask = 2147483647;
			files = (
			);
			runOnlyForDeploymentPostprocessing = 0;
		};
/* End PBXResourcesBuildPhase section */

/* Begin PBXSourcesBuildPhase section */
		E4E145A32D2923480092EFD5 /* Sources */ = {
			isa = PBXSourcesBuildPhase;
			buildActionMask = 2147483647;
			files = (
				E4FC3EF52D2A843D0092B0B8 /* BackStepButton.swift in Sources */,
				E4FC3EEE2D2A6CB80092B0B8 /* MoveButton.swift in Sources */,
				E4FC3EF12D2A72F40092B0B8 /* BasicField.swift in Sources */,
				E4FC3EF32D2A76AB0092B0B8 /* JumpButton.swift in Sources */,
				E4FC3EEB2D2A67510092B0B8 /* PlayerNode.swift in Sources */,
				E4E145B12D2923480092EFD5 /* GameScene.swift in Sources */,
				E4E145B32D2923480092EFD5 /* GameViewController.swift in Sources */,
				E4E145AB2D2923480092EFD5 /* AppDelegate.swift in Sources */,
			);
			runOnlyForDeploymentPostprocessing = 0;
		};
		E4E145BC2D2923490092EFD5 /* Sources */ = {
			isa = PBXSourcesBuildPhase;
			buildActionMask = 2147483647;
			files = (
				E4E145C52D2923490092EFD5 /* game_sampleTests.swift in Sources */,
			);
			runOnlyForDeploymentPostprocessing = 0;
		};
		E4E145C62D2923490092EFD5 /* Sources */ = {
			isa = PBXSourcesBuildPhase;
			buildActionMask = 2147483647;
			files = (
				E4E145D12D2923490092EFD5 /* game_sampleUITestsLaunchTests.swift in Sources */,
				E4E145CF2D2923490092EFD5 /* game_sampleUITests.swift in Sources */,
			);
			runOnlyForDeploymentPostprocessing = 0;
		};
/* End PBXSourcesBuildPhase section */

/* Begin PBXTargetDependency section */
		E4E145C22D2923490092EFD5 /* PBXTargetDependency */ = {
			isa = PBXTargetDependency;
			target = E4E145A62D2923480092EFD5 /* game-sample */;
			targetProxy = E4E145C12D2923490092EFD5 /* PBXContainerItemProxy */;
		};
		E4E145CC2D2923490092EFD5 /* PBXTargetDependency */ = {
			isa = PBXTargetDependency;
			target = E4E145A62D2923480092EFD5 /* game-sample */;
			targetProxy = E4E145CB2D2923490092EFD5 /* PBXContainerItemProxy */;
		};
/* End PBXTargetDependency section */

/* Begin PBXVariantGroup section */
		E4E145B42D2923480092EFD5 /* Main.storyboard */ = {
			isa = PBXVariantGroup;
			children = (
				E4E145B52D2923480092EFD5 /* Base */,
			);
			name = Main.storyboard;
			sourceTree = "<group>";
		};
		E4E145B92D2923490092EFD5 /* LaunchScreen.storyboard */ = {
			isa = PBXVariantGroup;
			children = (
				E4E145BA2D2923490092EFD5 /* Base */,
			);
			name = LaunchScreen.storyboard;
			sourceTree = "<group>";
		};
/* End PBXVariantGroup section */

/* Begin XCBuildConfiguration section */
		E4E145D22D2923490092EFD5 /* Debug */ = {
			isa = XCBuildConfiguration;
			buildSettings = {
				ALWAYS_SEARCH_USER_PATHS = NO;
				ASSETCATALOG_COMPILER_GENERATE_SWIFT_ASSET_SYMBOL_EXTENSIONS = YES;
				CLANG_ANALYZER_NONNULL = YES;
				CLANG_ANALYZER_NUMBER_OBJECT_CONVERSION = YES_AGGRESSIVE;
				CLANG_CXX_LANGUAGE_STANDARD = "gnu++20";
				CLANG_ENABLE_MODULES = YES;
				CLANG_ENABLE_OBJC_ARC = YES;
				CLANG_ENABLE_OBJC_WEAK = YES;
				CLANG_WARN_BLOCK_CAPTURE_AUTORELEASING = YES;
				CLANG_WARN_BOOL_CONVERSION = YES;
				CLANG_WARN_COMMA = YES;
				CLANG_WARN_CONSTANT_CONVERSION = YES;
				CLANG_WARN_DEPRECATED_OBJC_IMPLEMENTATIONS = YES;
				CLANG_WARN_DIRECT_OBJC_ISA_USAGE = YES_ERROR;
				CLANG_WARN_DOCUMENTATION_COMMENTS = YES;
				CLANG_WARN_EMPTY_BODY = YES;
				CLANG_WARN_ENUM_CONVERSION = YES;
				CLANG_WARN_INFINITE_RECURSION = YES;
				CLANG_WARN_INT_CONVERSION = YES;
				CLANG_WARN_NON_LITERAL_NULL_CONVERSION = YES;
				CLANG_WARN_OBJC_IMPLICIT_RETAIN_SELF = YES;
				CLANG_WARN_OBJC_LITERAL_CONVERSION = YES;
				CLANG_WARN_OBJC_ROOT_CLASS = YES_ERROR;
				CLANG_WARN_QUOTED_INCLUDE_IN_FRAMEWORK_HEADER = YES;
				CLANG_WARN_RANGE_LOOP_ANALYSIS = YES;
				CLANG_WARN_STRICT_PROTOTYPES = YES;
				CLANG_WARN_SUSPICIOUS_MOVE = YES;
				CLANG_WARN_UNGUARDED_AVAILABILITY = YES_AGGRESSIVE;
				CLANG_WARN_UNREACHABLE_CODE = YES;
				CLANG_WARN__DUPLICATE_METHOD_MATCH = YES;
				COPY_PHASE_STRIP = NO;
				DEBUG_INFORMATION_FORMAT = dwarf;
				ENABLE_STRICT_OBJC_MSGSEND = YES;
				ENABLE_TESTABILITY = YES;
				ENABLE_USER_SCRIPT_SANDBOXING = YES;
				GCC_C_LANGUAGE_STANDARD = gnu17;
				GCC_DYNAMIC_NO_PIC = NO;
				GCC_NO_COMMON_BLOCKS = YES;
				GCC_OPTIMIZATION_LEVEL = 0;
				GCC_PREPROCESSOR_DEFINITIONS = (
					"DEBUG=1",
					"$(inherited)",
				);
				GCC_WARN_64_TO_32_BIT_CONVERSION = YES;
				GCC_WARN_ABOUT_RETURN_TYPE = YES_ERROR;
				GCC_WARN_UNDECLARED_SELECTOR = YES;
				GCC_WARN_UNINITIALIZED_AUTOS = YES_AGGRESSIVE;
				GCC_WARN_UNUSED_FUNCTION = YES;
				GCC_WARN_UNUSED_VARIABLE = YES;
				IPHONEOS_DEPLOYMENT_TARGET = 17.5;
				LOCALIZATION_PREFERS_STRING_CATALOGS = YES;
				MTL_ENABLE_DEBUG_INFO = INCLUDE_SOURCE;
				MTL_FAST_MATH = YES;
				ONLY_ACTIVE_ARCH = YES;
				SDKROOT = iphoneos;
				SWIFT_ACTIVE_COMPILATION_CONDITIONS = "DEBUG $(inherited)";
				SWIFT_OPTIMIZATION_LEVEL = "-Onone";
			};
			name = Debug;
		};
		E4E145D32D2923490092EFD5 /* Release */ = {
			isa = XCBuildConfiguration;
			buildSettings = {
				ALWAYS_SEARCH_USER_PATHS = NO;
				ASSETCATALOG_COMPILER_GENERATE_SWIFT_ASSET_SYMBOL_EXTENSIONS = YES;
				CLANG_ANALYZER_NONNULL = YES;
				CLANG_ANALYZER_NUMBER_OBJECT_CONVERSION = YES_AGGRESSIVE;
				CLANG_CXX_LANGUAGE_STANDARD = "gnu++20";
				CLANG_ENABLE_MODULES = YES;
				CLANG_ENABLE_OBJC_ARC = YES;
				CLANG_ENABLE_OBJC_WEAK = YES;
				CLANG_WARN_BLOCK_CAPTURE_AUTORELEASING = YES;
				CLANG_WARN_BOOL_CONVERSION = YES;
				CLANG_WARN_COMMA = YES;
				CLANG_WARN_CONSTANT_CONVERSION = YES;
				CLANG_WARN_DEPRECATED_OBJC_IMPLEMENTATIONS = YES;
				CLANG_WARN_DIRECT_OBJC_ISA_USAGE = YES_ERROR;
				CLANG_WARN_DOCUMENTATION_COMMENTS = YES;
				CLANG_WARN_EMPTY_BODY = YES;
				CLANG_WARN_ENUM_CONVERSION = YES;
				CLANG_WARN_INFINITE_RECURSION = YES;
				CLANG_WARN_INT_CONVERSION = YES;
				CLANG_WARN_NON_LITERAL_NULL_CONVERSION = YES;
				CLANG_WARN_OBJC_IMPLICIT_RETAIN_SELF = YES;
				CLANG_WARN_OBJC_LITERAL_CONVERSION = YES;
				CLANG_WARN_OBJC_ROOT_CLASS = YES_ERROR;
				CLANG_WARN_QUOTED_INCLUDE_IN_FRAMEWORK_HEADER = YES;
				CLANG_WARN_RANGE_LOOP_ANALYSIS = YES;
				CLANG_WARN_STRICT_PROTOTYPES = YES;
				CLANG_WARN_SUSPICIOUS_MOVE = YES;
				CLANG_WARN_UNGUARDED_AVAILABILITY = YES_AGGRESSIVE;
				CLANG_WARN_UNREACHABLE_CODE = YES;
				CLANG_WARN__DUPLICATE_METHOD_MATCH = YES;
				COPY_PHASE_STRIP = NO;
				DEBUG_INFORMATION_FORMAT = "dwarf-with-dsym";
				ENABLE_NS_ASSERTIONS = NO;
				ENABLE_STRICT_OBJC_MSGSEND = YES;
				ENABLE_USER_SCRIPT_SANDBOXING = YES;
				GCC_C_LANGUAGE_STANDARD = gnu17;
				GCC_NO_COMMON_BLOCKS = YES;
				GCC_WARN_64_TO_32_BIT_CONVERSION = YES;
				GCC_WARN_ABOUT_RETURN_TYPE = YES_ERROR;
				GCC_WARN_UNDECLARED_SELECTOR = YES;
				GCC_WARN_UNINITIALIZED_AUTOS = YES_AGGRESSIVE;
				GCC_WARN_UNUSED_FUNCTION = YES;
				GCC_WARN_UNUSED_VARIABLE = YES;
				IPHONEOS_DEPLOYMENT_TARGET = 17.5;
				LOCALIZATION_PREFERS_STRING_CATALOGS = YES;
				MTL_ENABLE_DEBUG_INFO = NO;
				MTL_FAST_MATH = YES;
				SDKROOT = iphoneos;
				SWIFT_COMPILATION_MODE = wholemodule;
				VALIDATE_PRODUCT = YES;
			};
			name = Release;
		};
		E4E145D52D2923490092EFD5 /* Debug */ = {
			isa = XCBuildConfiguration;
			buildSettings = {
				ASSETCATALOG_COMPILER_APPICON_NAME = AppIcon;
				ASSETCATALOG_COMPILER_GLOBAL_ACCENT_COLOR_NAME = AccentColor;
				CODE_SIGN_STYLE = Automatic;
				CURRENT_PROJECT_VERSION = 1;
				DEVELOPMENT_TEAM = 8ZB4U624MW;
				GENERATE_INFOPLIST_FILE = YES;
				INFOPLIST_KEY_UIApplicationSupportsIndirectInputEvents = YES;
				INFOPLIST_KEY_UILaunchStoryboardName = LaunchScreen;
				INFOPLIST_KEY_UIMainStoryboardFile = Main;
				INFOPLIST_KEY_UIStatusBarHidden = YES;
				INFOPLIST_KEY_UISupportedInterfaceOrientations_iPad = "UIInterfaceOrientationPortrait UIInterfaceOrientationPortraitUpsideDown UIInterfaceOrientationLandscapeLeft UIInterfaceOrientationLandscapeRight";
				INFOPLIST_KEY_UISupportedInterfaceOrientations_iPhone = "UIInterfaceOrientationLandscapeLeft UIInterfaceOrientationLandscapeRight";
				LD_RUNPATH_SEARCH_PATHS = (
					"$(inherited)",
					"@executable_path/Frameworks",
				);
				MARKETING_VERSION = 1.0;
				PRODUCT_BUNDLE_IDENTIFIER = "lee0su.game-sample";
				PRODUCT_NAME = "$(TARGET_NAME)";
				SWIFT_EMIT_LOC_STRINGS = YES;
				SWIFT_VERSION = 5.0;
				TARGETED_DEVICE_FAMILY = "1,2";
			};
			name = Debug;
		};
		E4E145D62D2923490092EFD5 /* Release */ = {
			isa = XCBuildConfiguration;
			buildSettings = {
				ASSETCATALOG_COMPILER_APPICON_NAME = AppIcon;
				ASSETCATALOG_COMPILER_GLOBAL_ACCENT_COLOR_NAME = AccentColor;
				CODE_SIGN_STYLE = Automatic;
				CURRENT_PROJECT_VERSION = 1;
				DEVELOPMENT_TEAM = 8ZB4U624MW;
				GENERATE_INFOPLIST_FILE = YES;
				INFOPLIST_KEY_UIApplicationSupportsIndirectInputEvents = YES;
				INFOPLIST_KEY_UILaunchStoryboardName = LaunchScreen;
				INFOPLIST_KEY_UIMainStoryboardFile = Main;
				INFOPLIST_KEY_UIStatusBarHidden = YES;
				INFOPLIST_KEY_UISupportedInterfaceOrientations_iPad = "UIInterfaceOrientationPortrait UIInterfaceOrientationPortraitUpsideDown UIInterfaceOrientationLandscapeLeft UIInterfaceOrientationLandscapeRight";
				INFOPLIST_KEY_UISupportedInterfaceOrientations_iPhone = "UIInterfaceOrientationLandscapeLeft UIInterfaceOrientationLandscapeRight";
				LD_RUNPATH_SEARCH_PATHS = (
					"$(inherited)",
					"@executable_path/Frameworks",
				);
				MARKETING_VERSION = 1.0;
				PRODUCT_BUNDLE_IDENTIFIER = "lee0su.game-sample";
				PRODUCT_NAME = "$(TARGET_NAME)";
				SWIFT_EMIT_LOC_STRINGS = YES;
				SWIFT_VERSION = 5.0;
				TARGETED_DEVICE_FAMILY = "1,2";
			};
			name = Release;
		};
		E4E145D82D2923490092EFD5 /* Debug */ = {
			isa = XCBuildConfiguration;
			buildSettings = {
				ALWAYS_EMBED_SWIFT_STANDARD_LIBRARIES = YES;
				BUNDLE_LOADER = "$(TEST_HOST)";
				CODE_SIGN_STYLE = Automatic;
				CURRENT_PROJECT_VERSION = 1;
				GENERATE_INFOPLIST_FILE = YES;
				IPHONEOS_DEPLOYMENT_TARGET = 17.5;
				MARKETING_VERSION = 1.0;
				PRODUCT_BUNDLE_IDENTIFIER = "lee0su.game-sampleTests";
				PRODUCT_NAME = "$(TARGET_NAME)";
				SWIFT_EMIT_LOC_STRINGS = NO;
				SWIFT_VERSION = 5.0;
				TARGETED_DEVICE_FAMILY = "1,2";
				TEST_HOST = "$(BUILT_PRODUCTS_DIR)/game-sample.app/$(BUNDLE_EXECUTABLE_FOLDER_PATH)/game-sample";
			};
			name = Debug;
		};
		E4E145D92D2923490092EFD5 /* Release */ = {
			isa = XCBuildConfiguration;
			buildSettings = {
				ALWAYS_EMBED_SWIFT_STANDARD_LIBRARIES = YES;
				BUNDLE_LOADER = "$(TEST_HOST)";
				CODE_SIGN_STYLE = Automatic;
				CURRENT_PROJECT_VERSION = 1;
				GENERATE_INFOPLIST_FILE = YES;
				IPHONEOS_DEPLOYMENT_TARGET = 17.5;
				MARKETING_VERSION = 1.0;
				PRODUCT_BUNDLE_IDENTIFIER = "lee0su.game-sampleTests";
				PRODUCT_NAME = "$(TARGET_NAME)";
				SWIFT_EMIT_LOC_STRINGS = NO;
				SWIFT_VERSION = 5.0;
				TARGETED_DEVICE_FAMILY = "1,2";
				TEST_HOST = "$(BUILT_PRODUCTS_DIR)/game-sample.app/$(BUNDLE_EXECUTABLE_FOLDER_PATH)/game-sample";
			};
			name = Release;
		};
		E4E145DB2D2923490092EFD5 /* Debug */ = {
			isa = XCBuildConfiguration;
			buildSettings = {
				ALWAYS_EMBED_SWIFT_STANDARD_LIBRARIES = YES;
				CODE_SIGN_STYLE = Automatic;
				CURRENT_PROJECT_VERSION = 1;
				GENERATE_INFOPLIST_FILE = YES;
				MARKETING_VERSION = 1.0;
				PRODUCT_BUNDLE_IDENTIFIER = "lee0su.game-sampleUITests";
				PRODUCT_NAME = "$(TARGET_NAME)";
				SWIFT_EMIT_LOC_STRINGS = NO;
				SWIFT_VERSION = 5.0;
				TARGETED_DEVICE_FAMILY = "1,2";
				TEST_TARGET_NAME = "game-sample";
			};
			name = Debug;
		};
		E4E145DC2D2923490092EFD5 /* Release */ = {
			isa = XCBuildConfiguration;
			buildSettings = {
				ALWAYS_EMBED_SWIFT_STANDARD_LIBRARIES = YES;
				CODE_SIGN_STYLE = Automatic;
				CURRENT_PROJECT_VERSION = 1;
				GENERATE_INFOPLIST_FILE = YES;
				MARKETING_VERSION = 1.0;
				PRODUCT_BUNDLE_IDENTIFIER = "lee0su.game-sampleUITests";
				PRODUCT_NAME = "$(TARGET_NAME)";
				SWIFT_EMIT_LOC_STRINGS = NO;
				SWIFT_VERSION = 5.0;
				TARGETED_DEVICE_FAMILY = "1,2";
				TEST_TARGET_NAME = "game-sample";
			};
			name = Release;
		};
/* End XCBuildConfiguration section */

/* Begin XCConfigurationList section */
		E4E145A22D2923470092EFD5 /* Build configuration list for PBXProject "game-sample" */ = {
			isa = XCConfigurationList;
			buildConfigurations = (
				E4E145D22D2923490092EFD5 /* Debug */,
				E4E145D32D2923490092EFD5 /* Release */,
			);
			defaultConfigurationIsVisible = 0;
			defaultConfigurationName = Release;
		};
		E4E145D42D2923490092EFD5 /* Build configuration list for PBXNativeTarget "game-sample" */ = {
			isa = XCConfigurationList;
			buildConfigurations = (
				E4E145D52D2923490092EFD5 /* Debug */,
				E4E145D62D2923490092EFD5 /* Release */,
			);
			defaultConfigurationIsVisible = 0;
			defaultConfigurationName = Release;
		};
		E4E145D72D2923490092EFD5 /* Build configuration list for PBXNativeTarget "game-sampleTests" */ = {
			isa = XCConfigurationList;
			buildConfigurations = (
				E4E145D82D2923490092EFD5 /* Debug */,
				E4E145D92D2923490092EFD5 /* Release */,
			);
			defaultConfigurationIsVisible = 0;
			defaultConfigurationName = Release;
		};
		E4E145DA2D2923490092EFD5 /* Build configuration list for PBXNativeTarget "game-sampleUITests" */ = {
			isa = XCConfigurationList;
			buildConfigurations = (
				E4E145DB2D2923490092EFD5 /* Debug */,
				E4E145DC2D2923490092EFD5 /* Release */,
			);
			defaultConfigurationIsVisible = 0;
			defaultConfigurationName = Release;
		};
/* End XCConfigurationList section */
	};
	rootObject = E4E1459F2D2923470092EFD5 /* Project object */;
}
